
Microsoft Visual Studio Solution File, Format Version 12.00
# Visual Studio Version 17
VisualStudioVersion = 17.5.33414.496
MinimumVisualStudioVersion = 10.0.40219.1
Project("{FAE04EC0-301F-11D3-BF4B-00C04F79EFBC}") = "Res_Sim", "Res_Sim.csproj", "{C6C6EB2F-D68E-4BD5-A99B-0912B6335879}"
EndProject
Global
	GlobalSection(SolutionConfigurationPlatforms) = preSolution
		Debug|Any CPU = Debug|Any CPU
		Release|Any CPU = Release|Any CPU
	EndGlobalSection
	GlobalSection(ProjectConfigurationPlatforms) = postSolution
		{C6C6EB2F-D68E-4BD5-A99B-0912B6335879}.Debug|Any CPU.ActiveCfg = Debug|Any CPU
		{C6C6EB2F-D68E-4BD5-A99B-0912B6335879}.Debug|Any CPU.Build.0 = Debug|Any CPU
		{C6C6EB2F-D68E-4BD5-A99B-0912B6335879}.Release|Any CPU.ActiveCfg = Release|Any CPU
		{C6C6EB2F-D68E-4BD5-A99B-0912B6335879}.Release|Any CPU.Build.0 = Release|Any CPU
	EndGlobalSection
	GlobalSection(SolutionProperties) = preSolution
		HideSolutionNode = FALSE
	EndGlobalSection
	GlobalSection(ExtensibilityGlobals) = postSolution
		SolutionGuid = {65B50B48-9045-4A99-BFAA-A93724A51E78}
	EndGlobalSection
EndGlobal
